{
  "name": "pisidsite",
  "lockfileVersion": 3,
  "requires": true,
  "packages": {
    "": {
      "dependencies": {
        "tabulator-tables": "^6.2.0"
      }
    },
    "node_modules/tabulator-tables": {
      "version": "6.2.0",
      "resolved": "https://registry.npmjs.org/tabulator-tables/-/tabulator-tables-6.2.0.tgz",
      "integrity": "sha512-x7K2m3sizHJZdjBCn1xH6oewtlkqkXFfKNw2wli7Px7DFSG7dOqrUrRey0LINeuJ0Oyfn17yUWjLZvqRw8V3eA=="
    }
  }
}
